
Microsoft Visual Studio Solution File, Format Version 12.00
# Visual Studio Version 17
VisualStudioVersion = 17.5.33424.131
MinimumVisualStudioVersion = 10.0.40219.1
Project("{2150E333-8FDC-42A3-9474-1A3956D46DE8}") = "Web", "Web", "{BBC2497B-B47A-4A96-9C3A-060F0DA41374}"
EndProject
Project("{9A19103F-16F7-4668-BE54-9A1E7A4F7556}") = "Personalized365.Web", "Personalized365.Web\Personalized365.Web.csproj", "{71465ADD-221A-4326-98D6-95C00C12973C}"
EndProject
Global
	GlobalSection(SolutionConfigurationPlatforms) = preSolution
		Debug|Any CPU = Debug|Any CPU
		Release|Any CPU = Release|Any CPU
	EndGlobalSection
	GlobalSection(ProjectConfigurationPlatforms) = postSolution
		{71465ADD-221A-4326-98D6-95C00C12973C}.Debug|Any CPU.ActiveCfg = Debug|Any CPU
		{71465ADD-221A-4326-98D6-95C00C12973C}.Debug|Any CPU.Build.0 = Debug|Any CPU
		{71465ADD-221A-4326-98D6-95C00C12973C}.Release|Any CPU.ActiveCfg = Release|Any CPU
		{71465ADD-221A-4326-98D6-95C00C12973C}.Release|Any CPU.Build.0 = Release|Any CPU
	EndGlobalSection
	GlobalSection(SolutionProperties) = preSolution
		HideSolutionNode = FALSE
	EndGlobalSection
	GlobalSection(NestedProjects) = preSolution
		{71465ADD-221A-4326-98D6-95C00C12973C} = {BBC2497B-B47A-4A96-9C3A-060F0DA41374}
	EndGlobalSection
	GlobalSection(ExtensibilityGlobals) = postSolution
		SolutionGuid = {173F0D06-7DD6-41F7-A39C-A42FA58B5AB1}
	EndGlobalSection
EndGlobal
